{
  "name": "multibackup",
  "version": "1.0.0",
  "lockfileVersion": 1,
  "requires": true,
  "dependencies": {
    "@cronvel/get-pixels": {
      "version": "3.3.1",
      "resolved": "https://registry.npmjs.org/@cronvel/get-pixels/-/get-pixels-3.3.1.tgz",
      "integrity": "sha512-jgDb8vGPkpjRDbiYyHTI2Bna4HJysjPNSiERzBnRJjCR/YqC3u0idTae0tmNECsaZLOpAWmlK9wiIwnLGIT9Bg==",
      "requires": {
        "jpeg-js": "^0.1.1",
        "ndarray": "^1.0.13",
        "ndarray-pack": "^1.1.1",
        "node-bitmap": "0.0.1",
        "omggif": "^1.0.5",
        "pngjs": "^2.0.0"
      }
    },
    "@heroku/socksv5": {
      "version": "0.0.9",
      "resolved": "https://registry.npmjs.org/@heroku/socksv5/-/socksv5-0.0.9.tgz",
      "integrity": "sha1-ejkFkhE2smZpeaD4a7TwYvZX95M=",
      "requires": {
        "ip-address": "^5.8.8"
      }
    },
    "asn1": {
      "version": "0.2.4",
      "resolved": "https://registry.npmjs.org/asn1/-/asn1-0.2.4.tgz",
      "integrity": "sha512-jxwzQpLQjSmWXgwaCZE9Nz+glAG01yF1QnWgbhGwHI5A6FRIEY6IVqtHhIepHqI7/kyEyQEagBC5mBEFlIYvdg==",
      "requires": {
        "safer-buffer": "~2.1.0"
      }
    },
    "bcrypt-pbkdf": {
      "version": "1.0.2",
      "resolved": "https://registry.npmjs.org/bcrypt-pbkdf/-/bcrypt-pbkdf-1.0.2.tgz",
      "integrity": "sha1-pDAdOJtqQ/m2f/PKEaP2Y342Dp4=",
      "requires": {
        "tweetnacl": "^0.14.3"
      }
    },
    "child-process-promise": {
      "version": "2.2.1",
      "resolved": "https://registry.npmjs.org/child-process-promise/-/child-process-promise-2.2.1.tgz",
      "integrity": "sha1-RzChHvYQ+tRQuPIjx50x172tgHQ=",
      "requires": {
        "cross-spawn": "^4.0.2",
        "node-version": "^1.0.0",
        "promise-polyfill": "^6.0.1"
      }
    },
    "chroma-js": {
      "version": "2.0.6",
      "resolved": "https://registry.npmjs.org/chroma-js/-/chroma-js-2.0.6.tgz",
      "integrity": "sha512-IiiClbBRkRwuXNl6impq5ssEhUGpmWvc5zzImZbDUWLWcFbj6ZbtsdZEx6sIXMKes7azgYaUpnmsY1T8BL6PqQ=="
    },
    "cross-spawn": {
      "version": "4.0.2",
      "resolved": "https://registry.npmjs.org/cross-spawn/-/cross-spawn-4.0.2.tgz",
      "integrity": "sha1-e5JHYhwjrf3ThWAEqCPL45dCTUE=",
      "requires": {
        "lru-cache": "^4.0.1",
        "which": "^1.2.9"
      }
    },
    "cwise-compiler": {
      "version": "1.1.3",
      "resolved": "https://registry.npmjs.org/cwise-compiler/-/cwise-compiler-1.1.3.tgz",
      "integrity": "sha1-9NZnQQ6FDToxOn0tt7HlBbsDTMU=",
      "requires": {
        "uniq": "^1.0.0"
      }
    },
    "dayjs": {
      "version": "1.8.16",
      "resolved": "https://registry.npmjs.org/dayjs/-/dayjs-1.8.16.tgz",
      "integrity": "sha512-XPmqzWz/EJiaRHjBqSJ2s6hE/BUoCIHKgdS2QPtTQtKcS9E4/Qn0WomoH1lXanWCzri+g7zPcuNV4aTZ8PMORQ=="
    },
    "iota-array": {
      "version": "1.0.0",
      "resolved": "https://registry.npmjs.org/iota-array/-/iota-array-1.0.0.tgz",
      "integrity": "sha1-ge9X/l0FgUzVjCSDYyqZwwoOgIc="
    },
    "ip-address": {
      "version": "5.9.4",
      "resolved": "https://registry.npmjs.org/ip-address/-/ip-address-5.9.4.tgz",
      "integrity": "sha512-dHkI3/YNJq4b/qQaz+c8LuarD3pY24JqZWfjB8aZx1gtpc2MDILu9L9jpZe1sHpzo/yWFweQVn+U//FhazUxmw==",
      "requires": {
        "jsbn": "1.1.0",
        "lodash": "^4.17.15",
        "sprintf-js": "1.1.2"
      }
    },
    "is-buffer": {
      "version": "1.1.6",
      "resolved": "https://registry.npmjs.org/is-buffer/-/is-buffer-1.1.6.tgz",
      "integrity": "sha512-NcdALwpXkTm5Zvvbk7owOUSvVvBKDgKP5/ewfXEznmQFfs4ZRmanOeKBTjRVjka3QFoN6XJ+9F3USqfHqTaU5w=="
    },
    "isexe": {
      "version": "2.0.0",
      "resolved": "https://registry.npmjs.org/isexe/-/isexe-2.0.0.tgz",
      "integrity": "sha1-6PvzdNxVb/iUehDcsFctYz8s+hA="
    },
    "jpeg-js": {
      "version": "0.1.2",
      "resolved": "https://registry.npmjs.org/jpeg-js/-/jpeg-js-0.1.2.tgz",
      "integrity": "sha1-E1uZLAV1yYXPoPSUoyJ+0jhYPs4="
    },
    "jsbn": {
      "version": "1.1.0",
      "resolved": "https://registry.npmjs.org/jsbn/-/jsbn-1.1.0.tgz",
      "integrity": "sha1-sBMHyym2GKHtJux56RH4A8TaAEA="
    },
    "lazyness": {
      "version": "1.1.1",
      "resolved": "https://registry.npmjs.org/lazyness/-/lazyness-1.1.1.tgz",
      "integrity": "sha512-rYHC6l6LeRlJSt5jxpqN8z/49gZ0CqLi89HAGzJjHahCFlqEjFGFN9O15hmzSzUGFl7zN/vOWduv/+0af3r/kQ=="
    },
    "lodash": {
      "version": "4.17.21",
      "resolved": "https://registry.npmjs.org/lodash/-/lodash-4.17.21.tgz",
      "integrity": "sha512-v2kDEe57lecTulaDIuNTPy3Ry4gLGJ6Z1O3vE1krgXZNrsQ+LFTGHVxVjcXPs17LhbZVGedAJv8XZ1tvj5FvSg=="
    },
    "lru-cache": {
      "version": "4.1.3",
      "resolved": "https://registry.npmjs.org/lru-cache/-/lru-cache-4.1.3.tgz",
      "integrity": "sha512-fFEhvcgzuIoJVUF8fYr5KR0YqxD238zgObTps31YdADwPPAp82a4M8TrckkWyx7ekNlf9aBcVn81cFwwXngrJA==",
      "requires": {
        "pseudomap": "^1.0.2",
        "yallist": "^2.1.2"
      }
    },
    "ndarray": {
      "version": "1.0.18",
      "resolved": "https://registry.npmjs.org/ndarray/-/ndarray-1.0.18.tgz",
      "integrity": "sha1-tg06cyJOxVXQ+qeXEeUCRI/T95M=",
      "requires": {
        "iota-array": "^1.0.0",
        "is-buffer": "^1.0.2"
      }
    },
    "ndarray-pack": {
      "version": "1.2.1",
      "resolved": "https://registry.npmjs.org/ndarray-pack/-/ndarray-pack-1.2.1.tgz",
      "integrity": "sha1-jK6+qqJNXs9w/4YCBjeXfajuWFo=",
      "requires": {
        "cwise-compiler": "^1.1.2",
        "ndarray": "^1.0.13"
      }
    },
    "nextgen-events": {
      "version": "1.3.0",
      "resolved": "https://registry.npmjs.org/nextgen-events/-/nextgen-events-1.3.0.tgz",
      "integrity": "sha512-eBz5mrO4Hw2eenPVm0AVPHuAzg/RZetAWMI547RH8O9+a0UYhCysiZ3KoNWslnWNlHetb9kzowEshsKsmFo2YQ=="
    },
    "node-bitmap": {
      "version": "0.0.1",
      "resolved": "https://registry.npmjs.org/node-bitmap/-/node-bitmap-0.0.1.tgz",
      "integrity": "sha1-GA6scAPgxwdhjvMTaPYvhLKmkJE="
    },
    "node-version": {
      "version": "1.2.0",
      "resolved": "https://registry.npmjs.org/node-version/-/node-version-1.2.0.tgz",
      "integrity": "sha512-ma6oU4Sk0qOoKEAymVoTvk8EdXEobdS7m/mAGhDJ8Rouugho48crHBORAmy5BoOcv8wraPM6xumapQp5hl4iIQ=="
    },
    "nodemailer": {
      "version": "6.3.0",
      "resolved": "https://registry.npmjs.org/nodemailer/-/nodemailer-6.3.0.tgz",
      "integrity": "sha512-TEHBNBPHv7Ie/0o3HXnb7xrPSSQmH1dXwQKRaMKDBGt/ZN54lvDVujP6hKkO/vjkIYL9rK8kHSG11+G42Nhxuw=="
    },
    "omggif": {
      "version": "1.0.10",
      "resolved": "https://registry.npmjs.org/omggif/-/omggif-1.0.10.tgz",
      "integrity": "sha512-LMJTtvgc/nugXj0Vcrrs68Mn2D1r0zf630VNtqtpI1FEO7e+O9FP4gqs9AcnBaSEeoHIPm28u6qgPR0oyEpGSw=="
    },
    "pngjs": {
      "version": "2.3.1",
      "resolved": "https://registry.npmjs.org/pngjs/-/pngjs-2.3.1.tgz",
      "integrity": "sha1-EdHhK5y2TWPjDBQ6Mw9MH1Z9qF8="
    },
    "promise-polyfill": {
      "version": "6.1.0",
      "resolved": "https://registry.npmjs.org/promise-polyfill/-/promise-polyfill-6.1.0.tgz",
      "integrity": "sha1-36lpQ+qcEh/KTem1hoyznTRy4Fc="
    },
    "pseudomap": {
      "version": "1.0.2",
      "resolved": "https://registry.npmjs.org/pseudomap/-/pseudomap-1.0.2.tgz",
      "integrity": "sha1-8FKijacOYYkX7wqKw0wa5aaChrM="
    },
    "safer-buffer": {
      "version": "2.1.2",
      "resolved": "https://registry.npmjs.org/safer-buffer/-/safer-buffer-2.1.2.tgz",
      "integrity": "sha512-YZo3K82SD7Riyi0E1EQPojLz7kpepnSQI9IyPbHHg1XXXevb5dJI7tpyN2ADxGcQbHG7vcyRHk0cbwqcQriUtg=="
    },
    "setimmediate": {
      "version": "1.0.5",
      "resolved": "https://registry.npmjs.org/setimmediate/-/setimmediate-1.0.5.tgz",
      "integrity": "sha1-KQy7Iy4waULX1+qbg3Mqt4VvgoU="
    },
    "seventh": {
      "version": "0.7.28",
      "resolved": "https://registry.npmjs.org/seventh/-/seventh-0.7.28.tgz",
      "integrity": "sha512-WitJqSwsjLWbCP9cciaozByx4csddLQyNoaPBqOpYFMNE6iD6FK/pM8J2yqtpauSxJUUo7Wfv5KF5w1jbVov7A==",
      "requires": {
        "setimmediate": "^1.0.5"
      }
    },
    "sprintf-js": {
      "version": "1.1.2",
      "resolved": "https://registry.npmjs.org/sprintf-js/-/sprintf-js-1.1.2.tgz",
      "integrity": "sha512-VE0SOVEHCk7Qc8ulkWw3ntAzXuqf7S2lvwQaDLRnUeIEaKNQJzV6BwmLKhOqT61aGhfUMrXeaBk+oDGCzvhcug=="
    },
    "ssh2": {
      "version": "0.8.5",
      "resolved": "https://registry.npmjs.org/ssh2/-/ssh2-0.8.5.tgz",
      "integrity": "sha512-TkvzxSYYUSQ8jb//HbHnJVui4fVEW7yu/zwBxwro/QaK2EGYtwB+8gdEChwHHuj142c5+250poMC74aJiwApPw==",
      "requires": {
        "ssh2-streams": "~0.4.4"
      }
    },
    "ssh2-promise": {
      "version": "0.1.5",
      "resolved": "https://registry.npmjs.org/ssh2-promise/-/ssh2-promise-0.1.5.tgz",
      "integrity": "sha512-V3XH2+nIPcgcxeIiLwz880V1nw5Q6Lem9o1WsV6KAoKivnvz/Vn6YEDUsa8h7SzgzeuijL0cS/umiagFyv40MQ==",
      "requires": {
        "@heroku/socksv5": "^0.0.9",
        "ssh2": "^0.8.4"
      }
    },
    "ssh2-streams": {
      "version": "0.4.6",
      "resolved": "https://registry.npmjs.org/ssh2-streams/-/ssh2-streams-0.4.6.tgz",
      "integrity": "sha512-jXq/nk2K82HuueO9CTCdas/a0ncX3fvYzEPKt1+ftKwE5RXTX25GyjcpjBh2lwVUYbk0c9yq6cBczZssWmU3Tw==",
      "requires": {
        "asn1": "~0.2.0",
        "bcrypt-pbkdf": "^1.0.2",
        "streamsearch": "~0.1.2"
      }
    },
    "streamsearch": {
      "version": "0.1.2",
      "resolved": "https://registry.npmjs.org/streamsearch/-/streamsearch-0.1.2.tgz",
      "integrity": "sha1-gIudDlb8Jz2Am6VzOOkpkZoanxo="
    },
    "string-kit": {
      "version": "0.10.1",
      "resolved": "https://registry.npmjs.org/string-kit/-/string-kit-0.10.1.tgz",
      "integrity": "sha512-qxIqv5bJqYoWzJa0WJFdw9CCoPJ3/9EixXQXVerIYMghd45w0XiESgUchYCEeGg8bQQWHS+TYZW1DcJmHwAxZA=="
    },
    "terminal-kit": {
      "version": "1.31.4",
      "resolved": "https://registry.npmjs.org/terminal-kit/-/terminal-kit-1.31.4.tgz",
      "integrity": "sha512-alrT1vDcKamNxdU8HrN25hTsHBuSWb++HVPVy98xbbUJBTw5l+NiF+ILAO56fl0XQLPOMqVUs0lhqf0B20Lucg==",
      "requires": {
        "@cronvel/get-pixels": "^3.3.1",
        "chroma-js": "^2.0.6",
        "lazyness": "^1.1.1",
        "ndarray": "^1.0.18",
        "nextgen-events": "^1.3.0",
        "seventh": "^0.7.28",
        "string-kit": "^0.10.0",
        "tree-kit": "^0.6.1"
      }
    },
    "tree-kit": {
      "version": "0.6.1",
      "resolved": "https://registry.npmjs.org/tree-kit/-/tree-kit-0.6.1.tgz",
      "integrity": "sha512-7mV4KbsLMuA6ths3J1wpVUj2PLmLdoNEGnP9fm3kxef4UXYC/A0rL5gKsqtkUaCMuRYUMORyioy8IpBWUBQ1Ig=="
    },
    "tweetnacl": {
      "version": "0.14.5",
      "resolved": "https://registry.npmjs.org/tweetnacl/-/tweetnacl-0.14.5.tgz",
      "integrity": "sha1-WuaBd/GS1EViadEIr6k/+HQ/T2Q="
    },
    "uniq": {
      "version": "1.0.1",
      "resolved": "https://registry.npmjs.org/uniq/-/uniq-1.0.1.tgz",
      "integrity": "sha1-sxxa6CVIRKOoKBVBzisEuGWnNP8="
    },
    "which": {
      "version": "1.3.1",
      "resolved": "https://registry.npmjs.org/which/-/which-1.3.1.tgz",
      "integrity": "sha512-HxJdYWq1MTIQbJ3nw0cqssHoTNU267KlrDuGZ1WYlxDStUtKUhOaJmh112/TZmHxxUfuJqPXSOm7tDyas0OSIQ==",
      "requires": {
        "isexe": "^2.0.0"
      }
    },
    "yallist": {
      "version": "2.1.2",
      "resolved": "https://registry.npmjs.org/yallist/-/yallist-2.1.2.tgz",
      "integrity": "sha1-HBH5IY8HYImkfdUS+TxmmaaoHVI="
    }
  }
}
